
Microsoft Visual Studio Solution File, Format Version 12.00
# Visual Studio 15
VisualStudioVersion = 15.0.28307.1022
MinimumVisualStudioVersion = 10.0.40219.1
Project("{8BC9CEB8-8B4A-11D0-8D11-00A0C91BC942}") = "draw", "draw\draw.vcxproj", "{A2A3632B-102E-4567-8791-10070AEEC8C1}"
EndProject
Project("{8BC9CEB8-8B4A-11D0-8D11-00A0C91BC942}") = "draw_map", "draw_map\draw_map.vcxproj", "{E264FDB3-24F5-4260-9230-D9D6D141A6BE}"
EndProject
Global
	GlobalSection(SolutionConfigurationPlatforms) = preSolution
		Debug|x64 = Debug|x64
		Debug|x86 = Debug|x86
		Release|x64 = Release|x64
		Release|x86 = Release|x86
	EndGlobalSection
	GlobalSection(ProjectConfigurationPlatforms) = postSolution
		{A2A3632B-102E-4567-8791-10070AEEC8C1}.Debug|x64.ActiveCfg = Debug|x64
		{A2A3632B-102E-4567-8791-10070AEEC8C1}.Debug|x64.Build.0 = Debug|x64
		{A2A3632B-102E-4567-8791-10070AEEC8C1}.Debug|x86.ActiveCfg = Debug|Win32
		{A2A3632B-102E-4567-8791-10070AEEC8C1}.Debug|x86.Build.0 = Debug|Win32
		{A2A3632B-102E-4567-8791-10070AEEC8C1}.Release|x64.ActiveCfg = Release|x64
		{A2A3632B-102E-4567-8791-10070AEEC8C1}.Release|x64.Build.0 = Release|x64
		{A2A3632B-102E-4567-8791-10070AEEC8C1}.Release|x86.ActiveCfg = Release|Win32
		{A2A3632B-102E-4567-8791-10070AEEC8C1}.Release|x86.Build.0 = Release|Win32
		{E264FDB3-24F5-4260-9230-D9D6D141A6BE}.Debug|x64.ActiveCfg = Debug|x64
		{E264FDB3-24F5-4260-9230-D9D6D141A6BE}.Debug|x64.Build.0 = Debug|x64
		{E264FDB3-24F5-4260-9230-D9D6D141A6BE}.Debug|x86.ActiveCfg = Debug|Win32
		{E264FDB3-24F5-4260-9230-D9D6D141A6BE}.Debug|x86.Build.0 = Debug|Win32
		{E264FDB3-24F5-4260-9230-D9D6D141A6BE}.Release|x64.ActiveCfg = Release|x64
		{E264FDB3-24F5-4260-9230-D9D6D141A6BE}.Release|x64.Build.0 = Release|x64
		{E264FDB3-24F5-4260-9230-D9D6D141A6BE}.Release|x86.ActiveCfg = Release|Win32
		{E264FDB3-24F5-4260-9230-D9D6D141A6BE}.Release|x86.Build.0 = Release|Win32
	EndGlobalSection
	GlobalSection(SolutionProperties) = preSolution
		HideSolutionNode = FALSE
	EndGlobalSection
	GlobalSection(ExtensibilityGlobals) = postSolution
		SolutionGuid = {5A9E18C4-7C24-4853-B7AB-EF80E61A0405}
	EndGlobalSection
EndGlobal
