
Microsoft Visual Studio Solution File, Format Version 12.00
# Visual Studio 15
VisualStudioVersion = 15.0.28307.1022
MinimumVisualStudioVersion = 10.0.40219.1
Project("{8BC9CEB8-8B4A-11D0-8D11-00A0C91BC942}") = "draw", "draw\draw.vcxproj", "{A2A3632B-102E-4567-8791-10070AEEC8C1}"
EndProject
Project("{8BC9CEB8-8B4A-11D0-8D11-00A0C91BC942}") = "draw_map", "draw_map\draw_map.vcxproj", "{E264FDB3-24F5-4260-9230-D9D6D141A6BE}"
EndProject
Project("{8BC9CEB8-8B4A-11D0-8D11-00A0C91BC942}") = "light", "light\light.vcxproj", "{B0D79BD7-AB09-42FC-87D8-B5BCBFD0D7B1}"
EndProject
Project("{8BC9CEB8-8B4A-11D0-8D11-00A0C91BC942}") = "model", "model\model.vcxproj", "{056AF26A-802F-47A0-88FB-10006AFD2864}"
EndProject
Project("{8BC9CEB8-8B4A-11D0-8D11-00A0C91BC942}") = "AdvancedOpenGL", "AdvancedOpenGL\AdvancedOpenGL.vcxproj", "{62304C96-CA6A-4ADC-ACEF-D148CB741823}"
EndProject
Project("{8BC9CEB8-8B4A-11D0-8D11-00A0C91BC942}") = "sky_box", "sky_box\sky_box.vcxproj", "{930AFE1A-74F8-4062-9608-A4867BAC7AD2}"
EndProject
Project("{8BC9CEB8-8B4A-11D0-8D11-00A0C91BC942}") = "geometry_shader", "geometry_shader\geometry_shader.vcxproj", "{B974F155-A2B4-41BB-85B1-5FA98AA1FD75}"
EndProject
Project("{8BC9CEB8-8B4A-11D0-8D11-00A0C91BC942}") = "Instancing", "Instancing\Instancing.vcxproj", "{537105D0-9530-4FBE-B045-E2BB9B04B707}"
EndProject
Project("{8BC9CEB8-8B4A-11D0-8D11-00A0C91BC942}") = "shadow_mapping", "shadow_mapping\shadow_mapping.vcxproj", "{731FBCE5-402E-47B4-BCF3-6B5466C51C1F}"
EndProject
Global
	GlobalSection(SolutionConfigurationPlatforms) = preSolution
		Debug|x64 = Debug|x64
		Debug|x86 = Debug|x86
		Release|x64 = Release|x64
		Release|x86 = Release|x86
	EndGlobalSection
	GlobalSection(ProjectConfigurationPlatforms) = postSolution
		{A2A3632B-102E-4567-8791-10070AEEC8C1}.Debug|x64.ActiveCfg = Debug|x64
		{A2A3632B-102E-4567-8791-10070AEEC8C1}.Debug|x64.Build.0 = Debug|x64
		{A2A3632B-102E-4567-8791-10070AEEC8C1}.Debug|x86.ActiveCfg = Debug|Win32
		{A2A3632B-102E-4567-8791-10070AEEC8C1}.Debug|x86.Build.0 = Debug|Win32
		{A2A3632B-102E-4567-8791-10070AEEC8C1}.Release|x64.ActiveCfg = Release|x64
		{A2A3632B-102E-4567-8791-10070AEEC8C1}.Release|x64.Build.0 = Release|x64
		{A2A3632B-102E-4567-8791-10070AEEC8C1}.Release|x86.ActiveCfg = Release|Win32
		{A2A3632B-102E-4567-8791-10070AEEC8C1}.Release|x86.Build.0 = Release|Win32
		{E264FDB3-24F5-4260-9230-D9D6D141A6BE}.Debug|x64.ActiveCfg = Debug|x64
		{E264FDB3-24F5-4260-9230-D9D6D141A6BE}.Debug|x64.Build.0 = Debug|x64
		{E264FDB3-24F5-4260-9230-D9D6D141A6BE}.Debug|x86.ActiveCfg = Debug|Win32
		{E264FDB3-24F5-4260-9230-D9D6D141A6BE}.Debug|x86.Build.0 = Debug|Win32
		{E264FDB3-24F5-4260-9230-D9D6D141A6BE}.Release|x64.ActiveCfg = Release|x64
		{E264FDB3-24F5-4260-9230-D9D6D141A6BE}.Release|x64.Build.0 = Release|x64
		{E264FDB3-24F5-4260-9230-D9D6D141A6BE}.Release|x86.ActiveCfg = Release|Win32
		{E264FDB3-24F5-4260-9230-D9D6D141A6BE}.Release|x86.Build.0 = Release|Win32
		{B0D79BD7-AB09-42FC-87D8-B5BCBFD0D7B1}.Debug|x64.ActiveCfg = Debug|x64
		{B0D79BD7-AB09-42FC-87D8-B5BCBFD0D7B1}.Debug|x64.Build.0 = Debug|x64
		{B0D79BD7-AB09-42FC-87D8-B5BCBFD0D7B1}.Debug|x86.ActiveCfg = Debug|Win32
		{B0D79BD7-AB09-42FC-87D8-B5BCBFD0D7B1}.Debug|x86.Build.0 = Debug|Win32
		{B0D79BD7-AB09-42FC-87D8-B5BCBFD0D7B1}.Release|x64.ActiveCfg = Release|x64
		{B0D79BD7-AB09-42FC-87D8-B5BCBFD0D7B1}.Release|x64.Build.0 = Release|x64
		{B0D79BD7-AB09-42FC-87D8-B5BCBFD0D7B1}.Release|x86.ActiveCfg = Release|Win32
		{B0D79BD7-AB09-42FC-87D8-B5BCBFD0D7B1}.Release|x86.Build.0 = Release|Win32
		{056AF26A-802F-47A0-88FB-10006AFD2864}.Debug|x64.ActiveCfg = Debug|x64
		{056AF26A-802F-47A0-88FB-10006AFD2864}.Debug|x64.Build.0 = Debug|x64
		{056AF26A-802F-47A0-88FB-10006AFD2864}.Debug|x86.ActiveCfg = Debug|Win32
		{056AF26A-802F-47A0-88FB-10006AFD2864}.Debug|x86.Build.0 = Debug|Win32
		{056AF26A-802F-47A0-88FB-10006AFD2864}.Release|x64.ActiveCfg = Release|x64
		{056AF26A-802F-47A0-88FB-10006AFD2864}.Release|x64.Build.0 = Release|x64
		{056AF26A-802F-47A0-88FB-10006AFD2864}.Release|x86.ActiveCfg = Release|Win32
		{056AF26A-802F-47A0-88FB-10006AFD2864}.Release|x86.Build.0 = Release|Win32
		{62304C96-CA6A-4ADC-ACEF-D148CB741823}.Debug|x64.ActiveCfg = Debug|x64
		{62304C96-CA6A-4ADC-ACEF-D148CB741823}.Debug|x64.Build.0 = Debug|x64
		{62304C96-CA6A-4ADC-ACEF-D148CB741823}.Debug|x86.ActiveCfg = Debug|Win32
		{62304C96-CA6A-4ADC-ACEF-D148CB741823}.Debug|x86.Build.0 = Debug|Win32
		{62304C96-CA6A-4ADC-ACEF-D148CB741823}.Release|x64.ActiveCfg = Release|x64
		{62304C96-CA6A-4ADC-ACEF-D148CB741823}.Release|x64.Build.0 = Release|x64
		{62304C96-CA6A-4ADC-ACEF-D148CB741823}.Release|x86.ActiveCfg = Release|Win32
		{62304C96-CA6A-4ADC-ACEF-D148CB741823}.Release|x86.Build.0 = Release|Win32
		{930AFE1A-74F8-4062-9608-A4867BAC7AD2}.Debug|x64.ActiveCfg = Debug|x64
		{930AFE1A-74F8-4062-9608-A4867BAC7AD2}.Debug|x64.Build.0 = Debug|x64
		{930AFE1A-74F8-4062-9608-A4867BAC7AD2}.Debug|x86.ActiveCfg = Debug|Win32
		{930AFE1A-74F8-4062-9608-A4867BAC7AD2}.Debug|x86.Build.0 = Debug|Win32
		{930AFE1A-74F8-4062-9608-A4867BAC7AD2}.Release|x64.ActiveCfg = Release|x64
		{930AFE1A-74F8-4062-9608-A4867BAC7AD2}.Release|x64.Build.0 = Release|x64
		{930AFE1A-74F8-4062-9608-A4867BAC7AD2}.Release|x86.ActiveCfg = Release|Win32
		{930AFE1A-74F8-4062-9608-A4867BAC7AD2}.Release|x86.Build.0 = Release|Win32
		{B974F155-A2B4-41BB-85B1-5FA98AA1FD75}.Debug|x64.ActiveCfg = Debug|x64
		{B974F155-A2B4-41BB-85B1-5FA98AA1FD75}.Debug|x64.Build.0 = Debug|x64
		{B974F155-A2B4-41BB-85B1-5FA98AA1FD75}.Debug|x86.ActiveCfg = Debug|Win32
		{B974F155-A2B4-41BB-85B1-5FA98AA1FD75}.Debug|x86.Build.0 = Debug|Win32
		{B974F155-A2B4-41BB-85B1-5FA98AA1FD75}.Release|x64.ActiveCfg = Release|x64
		{B974F155-A2B4-41BB-85B1-5FA98AA1FD75}.Release|x64.Build.0 = Release|x64
		{B974F155-A2B4-41BB-85B1-5FA98AA1FD75}.Release|x86.ActiveCfg = Release|Win32
		{B974F155-A2B4-41BB-85B1-5FA98AA1FD75}.Release|x86.Build.0 = Release|Win32
		{537105D0-9530-4FBE-B045-E2BB9B04B707}.Debug|x64.ActiveCfg = Debug|x64
		{537105D0-9530-4FBE-B045-E2BB9B04B707}.Debug|x64.Build.0 = Debug|x64
		{537105D0-9530-4FBE-B045-E2BB9B04B707}.Debug|x86.ActiveCfg = Debug|Win32
		{537105D0-9530-4FBE-B045-E2BB9B04B707}.Debug|x86.Build.0 = Debug|Win32
		{537105D0-9530-4FBE-B045-E2BB9B04B707}.Release|x64.ActiveCfg = Release|x64
		{537105D0-9530-4FBE-B045-E2BB9B04B707}.Release|x64.Build.0 = Release|x64
		{537105D0-9530-4FBE-B045-E2BB9B04B707}.Release|x86.ActiveCfg = Release|Win32
		{537105D0-9530-4FBE-B045-E2BB9B04B707}.Release|x86.Build.0 = Release|Win32
		{731FBCE5-402E-47B4-BCF3-6B5466C51C1F}.Debug|x64.ActiveCfg = Debug|x64
		{731FBCE5-402E-47B4-BCF3-6B5466C51C1F}.Debug|x64.Build.0 = Debug|x64
		{731FBCE5-402E-47B4-BCF3-6B5466C51C1F}.Debug|x86.ActiveCfg = Debug|Win32
		{731FBCE5-402E-47B4-BCF3-6B5466C51C1F}.Debug|x86.Build.0 = Debug|Win32
		{731FBCE5-402E-47B4-BCF3-6B5466C51C1F}.Release|x64.ActiveCfg = Release|x64
		{731FBCE5-402E-47B4-BCF3-6B5466C51C1F}.Release|x64.Build.0 = Release|x64
		{731FBCE5-402E-47B4-BCF3-6B5466C51C1F}.Release|x86.ActiveCfg = Release|Win32
		{731FBCE5-402E-47B4-BCF3-6B5466C51C1F}.Release|x86.Build.0 = Release|Win32
	EndGlobalSection
	GlobalSection(SolutionProperties) = preSolution
		HideSolutionNode = FALSE
	EndGlobalSection
	GlobalSection(ExtensibilityGlobals) = postSolution
		SolutionGuid = {5A9E18C4-7C24-4853-B7AB-EF80E61A0405}
	EndGlobalSection
EndGlobal
